
Microsoft Visual Studio Solution File, Format Version 12.00
# Visual Studio Version 16
VisualStudioVersion = 16.0.32407.337
MinimumVisualStudioVersion = 10.0.40219.1
Project("{FAE04EC0-301F-11D3-BF4B-00C04F79EFBC}") = "clasev", "clasev\clasev.csproj", "{ECBB365B-E091-4852-8379-5845BA457240}"
EndProject
Global
	GlobalSection(SolutionConfigurationPlatforms) = preSolution
		Debug|Any CPU = Debug|Any CPU
		Release|Any CPU = Release|Any CPU
	EndGlobalSection
	GlobalSection(ProjectConfigurationPlatforms) = postSolution
		{ECBB365B-E091-4852-8379-5845BA457240}.Debug|Any CPU.ActiveCfg = Debug|Any CPU
		{ECBB365B-E091-4852-8379-5845BA457240}.Debug|Any CPU.Build.0 = Debug|Any CPU
		{ECBB365B-E091-4852-8379-5845BA457240}.Release|Any CPU.ActiveCfg = Release|Any CPU
		{ECBB365B-E091-4852-8379-5845BA457240}.Release|Any CPU.Build.0 = Release|Any CPU
	EndGlobalSection
	GlobalSection(SolutionProperties) = preSolution
		HideSolutionNode = FALSE
	EndGlobalSection
	GlobalSection(ExtensibilityGlobals) = postSolution
		SolutionGuid = {5F408EC5-ED9C-48C8-955D-A67A9170F612}
	EndGlobalSection
EndGlobal
